
Microsoft Visual Studio Solution File, Format Version 12.00
# Visual Studio 15
VisualStudioVersion = 15.0.27703.2000
MinimumVisualStudioVersion = 10.0.40219.1
Project("{FAE04EC0-301F-11D3-BF4B-00C04F79EFBC}") = "RgbLedAppSample.Android", "RgbLedAppSample\RgbLedAppSample.Android\RgbLedAppSample.Android.csproj", "{A8252949-24C9-4186-9557-B4F7E2800605}"
EndProject
Project("{FAE04EC0-301F-11D3-BF4B-00C04F79EFBC}") = "RgbLedAppSample.iOS", "RgbLedAppSample\RgbLedAppSample.iOS\RgbLedAppSample.iOS.csproj", "{0F897290-C21D-4AF5-A428-68BF7180DF20}"
EndProject
Project("{FAE04EC0-301F-11D3-BF4B-00C04F79EFBC}") = "RgbLedAppSample.UWP", "RgbLedAppSample\RgbLedAppSample.UWP\RgbLedAppSample.UWP.csproj", "{419D3D89-0658-4AE3-9436-CBCC9037A9B3}"
EndProject
Project("{FAE04EC0-301F-11D3-BF4B-00C04F79EFBC}") = "RgbLedAppSample", "RgbLedAppSample\RgbLedAppSample\RgbLedAppSample.csproj", "{FADEE496-078F-40C3-B15C-602C05AC2EA9}"
EndProject
Global
	GlobalSection(SolutionConfigurationPlatforms) = preSolution
		Ad-Hoc|Any CPU = Ad-Hoc|Any CPU
		Ad-Hoc|ARM = Ad-Hoc|ARM
		Ad-Hoc|iPhone = Ad-Hoc|iPhone
		Ad-Hoc|iPhoneSimulator = Ad-Hoc|iPhoneSimulator
		Ad-Hoc|x64 = Ad-Hoc|x64
		Ad-Hoc|x86 = Ad-Hoc|x86
		AppStore|Any CPU = AppStore|Any CPU
		AppStore|ARM = AppStore|ARM
		AppStore|iPhone = AppStore|iPhone
		AppStore|iPhoneSimulator = AppStore|iPhoneSimulator
		AppStore|x64 = AppStore|x64
		AppStore|x86 = AppStore|x86
		Debug|Any CPU = Debug|Any CPU
		Debug|ARM = Debug|ARM
		Debug|iPhone = Debug|iPhone
		Debug|iPhoneSimulator = Debug|iPhoneSimulator
		Debug|x64 = Debug|x64
		Debug|x86 = Debug|x86
		Release|Any CPU = Release|Any CPU
		Release|ARM = Release|ARM
		Release|iPhone = Release|iPhone
		Release|iPhoneSimulator = Release|iPhoneSimulator
		Release|x64 = Release|x64
		Release|x86 = Release|x86
	EndGlobalSection
	GlobalSection(ProjectConfigurationPlatforms) = postSolution
		{A8252949-24C9-4186-9557-B4F7E2800605}.Ad-Hoc|Any CPU.ActiveCfg = Release|Any CPU
		{A8252949-24C9-4186-9557-B4F7E2800605}.Ad-Hoc|Any CPU.Build.0 = Release|Any CPU
		{A8252949-24C9-4186-9557-B4F7E2800605}.Ad-Hoc|Any CPU.Deploy.0 = Release|Any CPU
		{A8252949-24C9-4186-9557-B4F7E2800605}.Ad-Hoc|ARM.ActiveCfg = Release|Any CPU
		{A8252949-24C9-4186-9557-B4F7E2800605}.Ad-Hoc|ARM.Build.0 = Release|Any CPU
		{A8252949-24C9-4186-9557-B4F7E2800605}.Ad-Hoc|ARM.Deploy.0 = Release|Any CPU
		{A8252949-24C9-4186-9557-B4F7E2800605}.Ad-Hoc|iPhone.ActiveCfg = Release|Any CPU
		{A8252949-24C9-4186-9557-B4F7E2800605}.Ad-Hoc|iPhone.Build.0 = Release|Any CPU
		{A8252949-24C9-4186-9557-B4F7E2800605}.Ad-Hoc|iPhone.Deploy.0 = Release|Any CPU
		{A8252949-24C9-4186-9557-B4F7E2800605}.Ad-Hoc|iPhoneSimulator.ActiveCfg = Release|Any CPU
		{A8252949-24C9-4186-9557-B4F7E2800605}.Ad-Hoc|iPhoneSimulator.Build.0 = Release|Any CPU
		{A8252949-24C9-4186-9557-B4F7E2800605}.Ad-Hoc|iPhoneSimulator.Deploy.0 = Release|Any CPU
		{A8252949-24C9-4186-9557-B4F7E2800605}.Ad-Hoc|x64.ActiveCfg = Release|Any CPU
		{A8252949-24C9-4186-9557-B4F7E2800605}.Ad-Hoc|x64.Build.0 = Release|Any CPU
		{A8252949-24C9-4186-9557-B4F7E2800605}.Ad-Hoc|x64.Deploy.0 = Release|Any CPU
		{A8252949-24C9-4186-9557-B4F7E2800605}.Ad-Hoc|x86.ActiveCfg = Release|Any CPU
		{A8252949-24C9-4186-9557-B4F7E2800605}.Ad-Hoc|x86.Build.0 = Release|Any CPU
		{A8252949-24C9-4186-9557-B4F7E2800605}.Ad-Hoc|x86.Deploy.0 = Release|Any CPU
		{A8252949-24C9-4186-9557-B4F7E2800605}.AppStore|Any CPU.ActiveCfg = Release|Any CPU
		{A8252949-24C9-4186-9557-B4F7E2800605}.AppStore|Any CPU.Build.0 = Release|Any CPU
		{A8252949-24C9-4186-9557-B4F7E2800605}.AppStore|Any CPU.Deploy.0 = Release|Any CPU
		{A8252949-24C9-4186-9557-B4F7E2800605}.AppStore|ARM.ActiveCfg = Release|Any CPU
		{A8252949-24C9-4186-9557-B4F7E2800605}.AppStore|ARM.Build.0 = Release|Any CPU
		{A8252949-24C9-4186-9557-B4F7E2800605}.AppStore|ARM.Deploy.0 = Release|Any CPU
		{A8252949-24C9-4186-9557-B4F7E2800605}.AppStore|iPhone.ActiveCfg = Release|Any CPU
		{A8252949-24C9-4186-9557-B4F7E2800605}.AppStore|iPhone.Build.0 = Release|Any CPU
		{A8252949-24C9-4186-9557-B4F7E2800605}.AppStore|iPhone.Deploy.0 = Release|Any CPU
		{A8252949-24C9-4186-9557-B4F7E2800605}.AppStore|iPhoneSimulator.ActiveCfg = Release|Any CPU
		{A8252949-24C9-4186-9557-B4F7E2800605}.AppStore|iPhoneSimulator.Build.0 = Release|Any CPU
		{A8252949-24C9-4186-9557-B4F7E2800605}.AppStore|iPhoneSimulator.Deploy.0 = Release|Any CPU
		{A8252949-24C9-4186-9557-B4F7E2800605}.AppStore|x64.ActiveCfg = Release|Any CPU
		{A8252949-24C9-4186-9557-B4F7E2800605}.AppStore|x64.Build.0 = Release|Any CPU
		{A8252949-24C9-4186-9557-B4F7E2800605}.AppStore|x64.Deploy.0 = Release|Any CPU
		{A8252949-24C9-4186-9557-B4F7E2800605}.AppStore|x86.ActiveCfg = Release|Any CPU
		{A8252949-24C9-4186-9557-B4F7E2800605}.AppStore|x86.Build.0 = Release|Any CPU
		{A8252949-24C9-4186-9557-B4F7E2800605}.AppStore|x86.Deploy.0 = Release|Any CPU
		{A8252949-24C9-4186-9557-B4F7E2800605}.Debug|Any CPU.ActiveCfg = Debug|Any CPU
		{A8252949-24C9-4186-9557-B4F7E2800605}.Debug|Any CPU.Build.0 = Debug|Any CPU
		{A8252949-24C9-4186-9557-B4F7E2800605}.Debug|Any CPU.Deploy.0 = Debug|Any CPU
		{A8252949-24C9-4186-9557-B4F7E2800605}.Debug|ARM.ActiveCfg = Debug|Any CPU
		{A8252949-24C9-4186-9557-B4F7E2800605}.Debug|ARM.Build.0 = Debug|Any CPU
		{A8252949-24C9-4186-9557-B4F7E2800605}.Debug|ARM.Deploy.0 = Debug|Any CPU
		{A8252949-24C9-4186-9557-B4F7E2800605}.Debug|iPhone.ActiveCfg = Debug|Any CPU
		{A8252949-24C9-4186-9557-B4F7E2800605}.Debug|iPhone.Build.0 = Debug|Any CPU
		{A8252949-24C9-4186-9557-B4F7E2800605}.Debug|iPhone.Deploy.0 = Debug|Any CPU
		{A8252949-24C9-4186-9557-B4F7E2800605}.Debug|iPhoneSimulator.ActiveCfg = Debug|Any CPU
		{A8252949-24C9-4186-9557-B4F7E2800605}.Debug|iPhoneSimulator.Build.0 = Debug|Any CPU
		{A8252949-24C9-4186-9557-B4F7E2800605}.Debug|iPhoneSimulator.Deploy.0 = Debug|Any CPU
		{A8252949-24C9-4186-9557-B4F7E2800605}.Debug|x64.ActiveCfg = Debug|Any CPU
		{A8252949-24C9-4186-9557-B4F7E2800605}.Debug|x64.Build.0 = Debug|Any CPU
		{A8252949-24C9-4186-9557-B4F7E2800605}.Debug|x64.Deploy.0 = Debug|Any CPU
		{A8252949-24C9-4186-9557-B4F7E2800605}.Debug|x86.ActiveCfg = Debug|Any CPU
		{A8252949-24C9-4186-9557-B4F7E2800605}.Debug|x86.Build.0 = Debug|Any CPU
		{A8252949-24C9-4186-9557-B4F7E2800605}.Debug|x86.Deploy.0 = Debug|Any CPU
		{A8252949-24C9-4186-9557-B4F7E2800605}.Release|Any CPU.ActiveCfg = Release|Any CPU
		{A8252949-24C9-4186-9557-B4F7E2800605}.Release|Any CPU.Build.0 = Release|Any CPU
		{A8252949-24C9-4186-9557-B4F7E2800605}.Release|Any CPU.Deploy.0 = Release|Any CPU
		{A8252949-24C9-4186-9557-B4F7E2800605}.Release|ARM.ActiveCfg = Release|Any CPU
		{A8252949-24C9-4186-9557-B4F7E2800605}.Release|ARM.Build.0 = Release|Any CPU
		{A8252949-24C9-4186-9557-B4F7E2800605}.Release|ARM.Deploy.0 = Release|Any CPU
		{A8252949-24C9-4186-9557-B4F7E2800605}.Release|iPhone.ActiveCfg = Release|Any CPU
		{A8252949-24C9-4186-9557-B4F7E2800605}.Release|iPhone.Build.0 = Release|Any CPU
		{A8252949-24C9-4186-9557-B4F7E2800605}.Release|iPhone.Deploy.0 = Release|Any CPU
		{A8252949-24C9-4186-9557-B4F7E2800605}.Release|iPhoneSimulator.ActiveCfg = Release|Any CPU
		{A8252949-24C9-4186-9557-B4F7E2800605}.Release|iPhoneSimulator.Build.0 = Release|Any CPU
		{A8252949-24C9-4186-9557-B4F7E2800605}.Release|iPhoneSimulator.Deploy.0 = Release|Any CPU
		{A8252949-24C9-4186-9557-B4F7E2800605}.Release|x64.ActiveCfg = Release|Any CPU
		{A8252949-24C9-4186-9557-B4F7E2800605}.Release|x64.Build.0 = Release|Any CPU
		{A8252949-24C9-4186-9557-B4F7E2800605}.Release|x64.Deploy.0 = Release|Any CPU
		{A8252949-24C9-4186-9557-B4F7E2800605}.Release|x86.ActiveCfg = Release|Any CPU
		{A8252949-24C9-4186-9557-B4F7E2800605}.Release|x86.Build.0 = Release|Any CPU
		{A8252949-24C9-4186-9557-B4F7E2800605}.Release|x86.Deploy.0 = Release|Any CPU
		{0F897290-C21D-4AF5-A428-68BF7180DF20}.Ad-Hoc|Any CPU.ActiveCfg = Ad-Hoc|iPhone
		{0F897290-C21D-4AF5-A428-68BF7180DF20}.Ad-Hoc|Any CPU.Build.0 = Ad-Hoc|iPhone
		{0F897290-C21D-4AF5-A428-68BF7180DF20}.Ad-Hoc|Any CPU.Deploy.0 = Ad-Hoc|iPhone
		{0F897290-C21D-4AF5-A428-68BF7180DF20}.Ad-Hoc|ARM.ActiveCfg = Ad-Hoc|iPhone
		{0F897290-C21D-4AF5-A428-68BF7180DF20}.Ad-Hoc|ARM.Build.0 = Ad-Hoc|iPhone
		{0F897290-C21D-4AF5-A428-68BF7180DF20}.Ad-Hoc|ARM.Deploy.0 = Ad-Hoc|iPhone
		{0F897290-C21D-4AF5-A428-68BF7180DF20}.Ad-Hoc|iPhone.ActiveCfg = Ad-Hoc|iPhone
		{0F897290-C21D-4AF5-A428-68BF7180DF20}.Ad-Hoc|iPhone.Build.0 = Ad-Hoc|iPhone
		{0F897290-C21D-4AF5-A428-68BF7180DF20}.Ad-Hoc|iPhone.Deploy.0 = Ad-Hoc|iPhone
		{0F897290-C21D-4AF5-A428-68BF7180DF20}.Ad-Hoc|iPhoneSimulator.ActiveCfg = Ad-Hoc|iPhoneSimulator
		{0F897290-C21D-4AF5-A428-68BF7180DF20}.Ad-Hoc|iPhoneSimulator.Build.0 = Ad-Hoc|iPhoneSimulator
		{0F897290-C21D-4AF5-A428-68BF7180DF20}.Ad-Hoc|iPhoneSimulator.Deploy.0 = Ad-Hoc|iPhoneSimulator
		{0F897290-C21D-4AF5-A428-68BF7180DF20}.Ad-Hoc|x64.ActiveCfg = Ad-Hoc|iPhone
		{0F897290-C21D-4AF5-A428-68BF7180DF20}.Ad-Hoc|x64.Build.0 = Ad-Hoc|iPhone
		{0F897290-C21D-4AF5-A428-68BF7180DF20}.Ad-Hoc|x64.Deploy.0 = Ad-Hoc|iPhone
		{0F897290-C21D-4AF5-A428-68BF7180DF20}.Ad-Hoc|x86.ActiveCfg = Ad-Hoc|iPhone
		{0F897290-C21D-4AF5-A428-68BF7180DF20}.Ad-Hoc|x86.Build.0 = Ad-Hoc|iPhone
		{0F897290-C21D-4AF5-A428-68BF7180DF20}.Ad-Hoc|x86.Deploy.0 = Ad-Hoc|iPhone
		{0F897290-C21D-4AF5-A428-68BF7180DF20}.AppStore|Any CPU.ActiveCfg = AppStore|iPhone
		{0F897290-C21D-4AF5-A428-68BF7180DF20}.AppStore|Any CPU.Build.0 = AppStore|iPhone
		{0F897290-C21D-4AF5-A428-68BF7180DF20}.AppStore|Any CPU.Deploy.0 = AppStore|iPhone
		{0F897290-C21D-4AF5-A428-68BF7180DF20}.AppStore|ARM.ActiveCfg = AppStore|iPhone
		{0F897290-C21D-4AF5-A428-68BF7180DF20}.AppStore|ARM.Build.0 = AppStore|iPhone
		{0F897290-C21D-4AF5-A428-68BF7180DF20}.AppStore|ARM.Deploy.0 = AppStore|iPhone
		{0F897290-C21D-4AF5-A428-68BF7180DF20}.AppStore|iPhone.ActiveCfg = AppStore|iPhone
		{0F897290-C21D-4AF5-A428-68BF7180DF20}.AppStore|iPhone.Build.0 = AppStore|iPhone
		{0F897290-C21D-4AF5-A428-68BF7180DF20}.AppStore|iPhone.Deploy.0 = AppStore|iPhone
		{0F897290-C21D-4AF5-A428-68BF7180DF20}.AppStore|iPhoneSimulator.ActiveCfg = AppStore|iPhoneSimulator
		{0F897290-C21D-4AF5-A428-68BF7180DF20}.AppStore|iPhoneSimulator.Build.0 = AppStore|iPhoneSimulator
		{0F897290-C21D-4AF5-A428-68BF7180DF20}.AppStore|iPhoneSimulator.Deploy.0 = AppStore|iPhoneSimulator
		{0F897290-C21D-4AF5-A428-68BF7180DF20}.AppStore|x64.ActiveCfg = AppStore|iPhone
		{0F897290-C21D-4AF5-A428-68BF7180DF20}.AppStore|x64.Build.0 = AppStore|iPhone
		{0F897290-C21D-4AF5-A428-68BF7180DF20}.AppStore|x64.Deploy.0 = AppStore|iPhone
		{0F897290-C21D-4AF5-A428-68BF7180DF20}.AppStore|x86.ActiveCfg = AppStore|iPhone
		{0F897290-C21D-4AF5-A428-68BF7180DF20}.AppStore|x86.Build.0 = AppStore|iPhone
		{0F897290-C21D-4AF5-A428-68BF7180DF20}.AppStore|x86.Deploy.0 = AppStore|iPhone
		{0F897290-C21D-4AF5-A428-68BF7180DF20}.Debug|Any CPU.ActiveCfg = Debug|iPhoneSimulator
		{0F897290-C21D-4AF5-A428-68BF7180DF20}.Debug|Any CPU.Build.0 = Debug|iPhoneSimulator
		{0F897290-C21D-4AF5-A428-68BF7180DF20}.Debug|Any CPU.Deploy.0 = Debug|iPhoneSimulator
		{0F897290-C21D-4AF5-A428-68BF7180DF20}.Debug|ARM.ActiveCfg = Debug|iPhone
		{0F897290-C21D-4AF5-A428-68BF7180DF20}.Debug|ARM.Build.0 = Debug|iPhone
		{0F897290-C21D-4AF5-A428-68BF7180DF20}.Debug|ARM.Deploy.0 = Debug|iPhone
		{0F897290-C21D-4AF5-A428-68BF7180DF20}.Debug|iPhone.ActiveCfg = Debug|iPhone
		{0F897290-C21D-4AF5-A428-68BF7180DF20}.Debug|iPhone.Build.0 = Debug|iPhone
		{0F897290-C21D-4AF5-A428-68BF7180DF20}.Debug|iPhone.Deploy.0 = Debug|iPhone
		{0F897290-C21D-4AF5-A428-68BF7180DF20}.Debug|iPhoneSimulator.ActiveCfg = Debug|iPhoneSimulator
		{0F897290-C21D-4AF5-A428-68BF7180DF20}.Debug|iPhoneSimulator.Build.0 = Debug|iPhoneSimulator
		{0F897290-C21D-4AF5-A428-68BF7180DF20}.Debug|iPhoneSimulator.Deploy.0 = Debug|iPhoneSimulator
		{0F897290-C21D-4AF5-A428-68BF7180DF20}.Debug|x64.ActiveCfg = Debug|iPhone
		{0F897290-C21D-4AF5-A428-68BF7180DF20}.Debug|x64.Build.0 = Debug|iPhone
		{0F897290-C21D-4AF5-A428-68BF7180DF20}.Debug|x64.Deploy.0 = Debug|iPhone
		{0F897290-C21D-4AF5-A428-68BF7180DF20}.Debug|x86.ActiveCfg = Debug|iPhone
		{0F897290-C21D-4AF5-A428-68BF7180DF20}.Debug|x86.Build.0 = Debug|iPhone
		{0F897290-C21D-4AF5-A428-68BF7180DF20}.Debug|x86.Deploy.0 = Debug|iPhone
		{0F897290-C21D-4AF5-A428-68BF7180DF20}.Release|Any CPU.ActiveCfg = Release|iPhone
		{0F897290-C21D-4AF5-A428-68BF7180DF20}.Release|Any CPU.Build.0 = Release|iPhone
		{0F897290-C21D-4AF5-A428-68BF7180DF20}.Release|Any CPU.Deploy.0 = Release|iPhone
		{0F897290-C21D-4AF5-A428-68BF7180DF20}.Release|ARM.ActiveCfg = Release|iPhone
		{0F897290-C21D-4AF5-A428-68BF7180DF20}.Release|ARM.Build.0 = Release|iPhone
		{0F897290-C21D-4AF5-A428-68BF7180DF20}.Release|ARM.Deploy.0 = Release|iPhone
		{0F897290-C21D-4AF5-A428-68BF7180DF20}.Release|iPhone.ActiveCfg = Release|iPhone
		{0F897290-C21D-4AF5-A428-68BF7180DF20}.Release|iPhone.Build.0 = Release|iPhone
		{0F897290-C21D-4AF5-A428-68BF7180DF20}.Release|iPhone.Deploy.0 = Release|iPhone
		{0F897290-C21D-4AF5-A428-68BF7180DF20}.Release|iPhoneSimulator.ActiveCfg = Release|iPhoneSimulator
		{0F897290-C21D-4AF5-A428-68BF7180DF20}.Release|iPhoneSimulator.Build.0 = Release|iPhoneSimulator
		{0F897290-C21D-4AF5-A428-68BF7180DF20}.Release|iPhoneSimulator.Deploy.0 = Release|iPhoneSimulator
		{0F897290-C21D-4AF5-A428-68BF7180DF20}.Release|x64.ActiveCfg = Release|iPhone
		{0F897290-C21D-4AF5-A428-68BF7180DF20}.Release|x64.Build.0 = Release|iPhone
		{0F897290-C21D-4AF5-A428-68BF7180DF20}.Release|x64.Deploy.0 = Release|iPhone
		{0F897290-C21D-4AF5-A428-68BF7180DF20}.Release|x86.ActiveCfg = Release|iPhone
		{0F897290-C21D-4AF5-A428-68BF7180DF20}.Release|x86.Build.0 = Release|iPhone
		{0F897290-C21D-4AF5-A428-68BF7180DF20}.Release|x86.Deploy.0 = Release|iPhone
		{419D3D89-0658-4AE3-9436-CBCC9037A9B3}.Ad-Hoc|Any CPU.ActiveCfg = Release|x86
		{419D3D89-0658-4AE3-9436-CBCC9037A9B3}.Ad-Hoc|Any CPU.Build.0 = Release|x86
		{419D3D89-0658-4AE3-9436-CBCC9037A9B3}.Ad-Hoc|Any CPU.Deploy.0 = Release|x86
		{419D3D89-0658-4AE3-9436-CBCC9037A9B3}.Ad-Hoc|ARM.ActiveCfg = Release|ARM
		{419D3D89-0658-4AE3-9436-CBCC9037A9B3}.Ad-Hoc|ARM.Build.0 = Release|ARM
		{419D3D89-0658-4AE3-9436-CBCC9037A9B3}.Ad-Hoc|ARM.Deploy.0 = Release|ARM
		{419D3D89-0658-4AE3-9436-CBCC9037A9B3}.Ad-Hoc|iPhone.ActiveCfg = Release|x86
		{419D3D89-0658-4AE3-9436-CBCC9037A9B3}.Ad-Hoc|iPhone.Build.0 = Release|x86
		{419D3D89-0658-4AE3-9436-CBCC9037A9B3}.Ad-Hoc|iPhone.Deploy.0 = Release|x86
		{419D3D89-0658-4AE3-9436-CBCC9037A9B3}.Ad-Hoc|iPhoneSimulator.ActiveCfg = Release|x86
		{419D3D89-0658-4AE3-9436-CBCC9037A9B3}.Ad-Hoc|iPhoneSimulator.Build.0 = Release|x86
		{419D3D89-0658-4AE3-9436-CBCC9037A9B3}.Ad-Hoc|iPhoneSimulator.Deploy.0 = Release|x86
		{419D3D89-0658-4AE3-9436-CBCC9037A9B3}.Ad-Hoc|x64.ActiveCfg = Release|x64
		{419D3D89-0658-4AE3-9436-CBCC9037A9B3}.Ad-Hoc|x64.Build.0 = Release|x64
		{419D3D89-0658-4AE3-9436-CBCC9037A9B3}.Ad-Hoc|x64.Deploy.0 = Release|x64
		{419D3D89-0658-4AE3-9436-CBCC9037A9B3}.Ad-Hoc|x86.ActiveCfg = Release|x86
		{419D3D89-0658-4AE3-9436-CBCC9037A9B3}.Ad-Hoc|x86.Build.0 = Release|x86
		{419D3D89-0658-4AE3-9436-CBCC9037A9B3}.Ad-Hoc|x86.Deploy.0 = Release|x86
		{419D3D89-0658-4AE3-9436-CBCC9037A9B3}.AppStore|Any CPU.ActiveCfg = Release|x86
		{419D3D89-0658-4AE3-9436-CBCC9037A9B3}.AppStore|Any CPU.Build.0 = Release|x86
		{419D3D89-0658-4AE3-9436-CBCC9037A9B3}.AppStore|Any CPU.Deploy.0 = Release|x86
		{419D3D89-0658-4AE3-9436-CBCC9037A9B3}.AppStore|ARM.ActiveCfg = Release|ARM
		{419D3D89-0658-4AE3-9436-CBCC9037A9B3}.AppStore|ARM.Build.0 = Release|ARM
		{419D3D89-0658-4AE3-9436-CBCC9037A9B3}.AppStore|ARM.Deploy.0 = Release|ARM
		{419D3D89-0658-4AE3-9436-CBCC9037A9B3}.AppStore|iPhone.ActiveCfg = Release|x86
		{419D3D89-0658-4AE3-9436-CBCC9037A9B3}.AppStore|iPhone.Build.0 = Release|x86
		{419D3D89-0658-4AE3-9436-CBCC9037A9B3}.AppStore|iPhone.Deploy.0 = Release|x86
		{419D3D89-0658-4AE3-9436-CBCC9037A9B3}.AppStore|iPhoneSimulator.ActiveCfg = Release|x86
		{419D3D89-0658-4AE3-9436-CBCC9037A9B3}.AppStore|iPhoneSimulator.Build.0 = Release|x86
		{419D3D89-0658-4AE3-9436-CBCC9037A9B3}.AppStore|iPhoneSimulator.Deploy.0 = Release|x86
		{419D3D89-0658-4AE3-9436-CBCC9037A9B3}.AppStore|x64.ActiveCfg = Release|x64
		{419D3D89-0658-4AE3-9436-CBCC9037A9B3}.AppStore|x64.Build.0 = Release|x64
		{419D3D89-0658-4AE3-9436-CBCC9037A9B3}.AppStore|x64.Deploy.0 = Release|x64
		{419D3D89-0658-4AE3-9436-CBCC9037A9B3}.AppStore|x86.ActiveCfg = Release|x86
		{419D3D89-0658-4AE3-9436-CBCC9037A9B3}.AppStore|x86.Build.0 = Release|x86
		{419D3D89-0658-4AE3-9436-CBCC9037A9B3}.AppStore|x86.Deploy.0 = Release|x86
		{419D3D89-0658-4AE3-9436-CBCC9037A9B3}.Debug|Any CPU.ActiveCfg = Debug|x86
		{419D3D89-0658-4AE3-9436-CBCC9037A9B3}.Debug|Any CPU.Build.0 = Debug|x86
		{419D3D89-0658-4AE3-9436-CBCC9037A9B3}.Debug|Any CPU.Deploy.0 = Debug|x86
		{419D3D89-0658-4AE3-9436-CBCC9037A9B3}.Debug|ARM.ActiveCfg = Debug|ARM
		{419D3D89-0658-4AE3-9436-CBCC9037A9B3}.Debug|ARM.Build.0 = Debug|ARM
		{419D3D89-0658-4AE3-9436-CBCC9037A9B3}.Debug|ARM.Deploy.0 = Debug|ARM
		{419D3D89-0658-4AE3-9436-CBCC9037A9B3}.Debug|iPhone.ActiveCfg = Debug|x86
		{419D3D89-0658-4AE3-9436-CBCC9037A9B3}.Debug|iPhone.Build.0 = Debug|x86
		{419D3D89-0658-4AE3-9436-CBCC9037A9B3}.Debug|iPhone.Deploy.0 = Debug|x86
		{419D3D89-0658-4AE3-9436-CBCC9037A9B3}.Debug|iPhoneSimulator.ActiveCfg = Debug|x86
		{419D3D89-0658-4AE3-9436-CBCC9037A9B3}.Debug|iPhoneSimulator.Build.0 = Debug|x86
		{419D3D89-0658-4AE3-9436-CBCC9037A9B3}.Debug|iPhoneSimulator.Deploy.0 = Debug|x86
		{419D3D89-0658-4AE3-9436-CBCC9037A9B3}.Debug|x64.ActiveCfg = Debug|x64
		{419D3D89-0658-4AE3-9436-CBCC9037A9B3}.Debug|x64.Build.0 = Debug|x64
		{419D3D89-0658-4AE3-9436-CBCC9037A9B3}.Debug|x64.Deploy.0 = Debug|x64
		{419D3D89-0658-4AE3-9436-CBCC9037A9B3}.Debug|x86.ActiveCfg = Debug|x86
		{419D3D89-0658-4AE3-9436-CBCC9037A9B3}.Debug|x86.Build.0 = Debug|x86
		{419D3D89-0658-4AE3-9436-CBCC9037A9B3}.Debug|x86.Deploy.0 = Debug|x86
		{419D3D89-0658-4AE3-9436-CBCC9037A9B3}.Release|Any CPU.ActiveCfg = Release|x86
		{419D3D89-0658-4AE3-9436-CBCC9037A9B3}.Release|Any CPU.Build.0 = Release|x86
		{419D3D89-0658-4AE3-9436-CBCC9037A9B3}.Release|Any CPU.Deploy.0 = Release|x86
		{419D3D89-0658-4AE3-9436-CBCC9037A9B3}.Release|ARM.ActiveCfg = Release|ARM
		{419D3D89-0658-4AE3-9436-CBCC9037A9B3}.Release|ARM.Build.0 = Release|ARM
		{419D3D89-0658-4AE3-9436-CBCC9037A9B3}.Release|ARM.Deploy.0 = Release|ARM
		{419D3D89-0658-4AE3-9436-CBCC9037A9B3}.Release|iPhone.ActiveCfg = Release|x86
		{419D3D89-0658-4AE3-9436-CBCC9037A9B3}.Release|iPhone.Build.0 = Release|x86
		{419D3D89-0658-4AE3-9436-CBCC9037A9B3}.Release|iPhone.Deploy.0 = Release|x86
		{419D3D89-0658-4AE3-9436-CBCC9037A9B3}.Release|iPhoneSimulator.ActiveCfg = Release|x86
		{419D3D89-0658-4AE3-9436-CBCC9037A9B3}.Release|iPhoneSimulator.Build.0 = Release|x86
		{419D3D89-0658-4AE3-9436-CBCC9037A9B3}.Release|iPhoneSimulator.Deploy.0 = Release|x86
		{419D3D89-0658-4AE3-9436-CBCC9037A9B3}.Release|x64.ActiveCfg = Release|x64
		{419D3D89-0658-4AE3-9436-CBCC9037A9B3}.Release|x64.Build.0 = Release|x64
		{419D3D89-0658-4AE3-9436-CBCC9037A9B3}.Release|x64.Deploy.0 = Release|x64
		{419D3D89-0658-4AE3-9436-CBCC9037A9B3}.Release|x86.ActiveCfg = Release|x86
		{419D3D89-0658-4AE3-9436-CBCC9037A9B3}.Release|x86.Build.0 = Release|x86
		{419D3D89-0658-4AE3-9436-CBCC9037A9B3}.Release|x86.Deploy.0 = Release|x86
		{FADEE496-078F-40C3-B15C-602C05AC2EA9}.Ad-Hoc|Any CPU.ActiveCfg = Debug|Any CPU
		{FADEE496-078F-40C3-B15C-602C05AC2EA9}.Ad-Hoc|Any CPU.Build.0 = Debug|Any CPU
		{FADEE496-078F-40C3-B15C-602C05AC2EA9}.Ad-Hoc|Any CPU.Deploy.0 = Debug|Any CPU
		{FADEE496-078F-40C3-B15C-602C05AC2EA9}.Ad-Hoc|ARM.ActiveCfg = Debug|Any CPU
		{FADEE496-078F-40C3-B15C-602C05AC2EA9}.Ad-Hoc|ARM.Build.0 = Debug|Any CPU
		{FADEE496-078F-40C3-B15C-602C05AC2EA9}.Ad-Hoc|ARM.Deploy.0 = Debug|Any CPU
		{FADEE496-078F-40C3-B15C-602C05AC2EA9}.Ad-Hoc|iPhone.ActiveCfg = Debug|Any CPU
		{FADEE496-078F-40C3-B15C-602C05AC2EA9}.Ad-Hoc|iPhone.Build.0 = Debug|Any CPU
		{FADEE496-078F-40C3-B15C-602C05AC2EA9}.Ad-Hoc|iPhone.Deploy.0 = Debug|Any CPU
		{FADEE496-078F-40C3-B15C-602C05AC2EA9}.Ad-Hoc|iPhoneSimulator.ActiveCfg = Debug|Any CPU
		{FADEE496-078F-40C3-B15C-602C05AC2EA9}.Ad-Hoc|iPhoneSimulator.Build.0 = Debug|Any CPU
		{FADEE496-078F-40C3-B15C-602C05AC2EA9}.Ad-Hoc|iPhoneSimulator.Deploy.0 = Debug|Any CPU
		{FADEE496-078F-40C3-B15C-602C05AC2EA9}.Ad-Hoc|x64.ActiveCfg = Debug|Any CPU
		{FADEE496-078F-40C3-B15C-602C05AC2EA9}.Ad-Hoc|x64.Build.0 = Debug|Any CPU
		{FADEE496-078F-40C3-B15C-602C05AC2EA9}.Ad-Hoc|x64.Deploy.0 = Debug|Any CPU
		{FADEE496-078F-40C3-B15C-602C05AC2EA9}.Ad-Hoc|x86.ActiveCfg = Debug|Any CPU
		{FADEE496-078F-40C3-B15C-602C05AC2EA9}.Ad-Hoc|x86.Build.0 = Debug|Any CPU
		{FADEE496-078F-40C3-B15C-602C05AC2EA9}.Ad-Hoc|x86.Deploy.0 = Debug|Any CPU
		{FADEE496-078F-40C3-B15C-602C05AC2EA9}.AppStore|Any CPU.ActiveCfg = Debug|Any CPU
		{FADEE496-078F-40C3-B15C-602C05AC2EA9}.AppStore|Any CPU.Build.0 = Debug|Any CPU
		{FADEE496-078F-40C3-B15C-602C05AC2EA9}.AppStore|Any CPU.Deploy.0 = Debug|Any CPU
		{FADEE496-078F-40C3-B15C-602C05AC2EA9}.AppStore|ARM.ActiveCfg = Debug|Any CPU
		{FADEE496-078F-40C3-B15C-602C05AC2EA9}.AppStore|ARM.Build.0 = Debug|Any CPU
		{FADEE496-078F-40C3-B15C-602C05AC2EA9}.AppStore|ARM.Deploy.0 = Debug|Any CPU
		{FADEE496-078F-40C3-B15C-602C05AC2EA9}.AppStore|iPhone.ActiveCfg = Debug|Any CPU
		{FADEE496-078F-40C3-B15C-602C05AC2EA9}.AppStore|iPhone.Build.0 = Debug|Any CPU
		{FADEE496-078F-40C3-B15C-602C05AC2EA9}.AppStore|iPhone.Deploy.0 = Debug|Any CPU
		{FADEE496-078F-40C3-B15C-602C05AC2EA9}.AppStore|iPhoneSimulator.ActiveCfg = Debug|Any CPU
		{FADEE496-078F-40C3-B15C-602C05AC2EA9}.AppStore|iPhoneSimulator.Build.0 = Debug|Any CPU
		{FADEE496-078F-40C3-B15C-602C05AC2EA9}.AppStore|iPhoneSimulator.Deploy.0 = Debug|Any CPU
		{FADEE496-078F-40C3-B15C-602C05AC2EA9}.AppStore|x64.ActiveCfg = Debug|Any CPU
		{FADEE496-078F-40C3-B15C-602C05AC2EA9}.AppStore|x64.Build.0 = Debug|Any CPU
		{FADEE496-078F-40C3-B15C-602C05AC2EA9}.AppStore|x64.Deploy.0 = Debug|Any CPU
		{FADEE496-078F-40C3-B15C-602C05AC2EA9}.AppStore|x86.ActiveCfg = Debug|Any CPU
		{FADEE496-078F-40C3-B15C-602C05AC2EA9}.AppStore|x86.Build.0 = Debug|Any CPU
		{FADEE496-078F-40C3-B15C-602C05AC2EA9}.AppStore|x86.Deploy.0 = Debug|Any CPU
		{FADEE496-078F-40C3-B15C-602C05AC2EA9}.Debug|Any CPU.ActiveCfg = Debug|Any CPU
		{FADEE496-078F-40C3-B15C-602C05AC2EA9}.Debug|Any CPU.Build.0 = Debug|Any CPU
		{FADEE496-078F-40C3-B15C-602C05AC2EA9}.Debug|Any CPU.Deploy.0 = Debug|Any CPU
		{FADEE496-078F-40C3-B15C-602C05AC2EA9}.Debug|ARM.ActiveCfg = Debug|Any CPU
		{FADEE496-078F-40C3-B15C-602C05AC2EA9}.Debug|ARM.Build.0 = Debug|Any CPU
		{FADEE496-078F-40C3-B15C-602C05AC2EA9}.Debug|ARM.Deploy.0 = Debug|Any CPU
		{FADEE496-078F-40C3-B15C-602C05AC2EA9}.Debug|iPhone.ActiveCfg = Debug|Any CPU
		{FADEE496-078F-40C3-B15C-602C05AC2EA9}.Debug|iPhone.Build.0 = Debug|Any CPU
		{FADEE496-078F-40C3-B15C-602C05AC2EA9}.Debug|iPhone.Deploy.0 = Debug|Any CPU
		{FADEE496-078F-40C3-B15C-602C05AC2EA9}.Debug|iPhoneSimulator.ActiveCfg = Debug|Any CPU
		{FADEE496-078F-40C3-B15C-602C05AC2EA9}.Debug|iPhoneSimulator.Build.0 = Debug|Any CPU
		{FADEE496-078F-40C3-B15C-602C05AC2EA9}.Debug|iPhoneSimulator.Deploy.0 = Debug|Any CPU
		{FADEE496-078F-40C3-B15C-602C05AC2EA9}.Debug|x64.ActiveCfg = Debug|Any CPU
		{FADEE496-078F-40C3-B15C-602C05AC2EA9}.Debug|x64.Build.0 = Debug|Any CPU
		{FADEE496-078F-40C3-B15C-602C05AC2EA9}.Debug|x64.Deploy.0 = Debug|Any CPU
		{FADEE496-078F-40C3-B15C-602C05AC2EA9}.Debug|x86.ActiveCfg = Debug|Any CPU
		{FADEE496-078F-40C3-B15C-602C05AC2EA9}.Debug|x86.Build.0 = Debug|Any CPU
		{FADEE496-078F-40C3-B15C-602C05AC2EA9}.Debug|x86.Deploy.0 = Debug|Any CPU
		{FADEE496-078F-40C3-B15C-602C05AC2EA9}.Release|Any CPU.ActiveCfg = Release|Any CPU
		{FADEE496-078F-40C3-B15C-602C05AC2EA9}.Release|Any CPU.Build.0 = Release|Any CPU
		{FADEE496-078F-40C3-B15C-602C05AC2EA9}.Release|Any CPU.Deploy.0 = Release|Any CPU
		{FADEE496-078F-40C3-B15C-602C05AC2EA9}.Release|ARM.ActiveCfg = Release|Any CPU
		{FADEE496-078F-40C3-B15C-602C05AC2EA9}.Release|ARM.Build.0 = Release|Any CPU
		{FADEE496-078F-40C3-B15C-602C05AC2EA9}.Release|ARM.Deploy.0 = Release|Any CPU
		{FADEE496-078F-40C3-B15C-602C05AC2EA9}.Release|iPhone.ActiveCfg = Release|Any CPU
		{FADEE496-078F-40C3-B15C-602C05AC2EA9}.Release|iPhone.Build.0 = Release|Any CPU
		{FADEE496-078F-40C3-B15C-602C05AC2EA9}.Release|iPhone.Deploy.0 = Release|Any CPU
		{FADEE496-078F-40C3-B15C-602C05AC2EA9}.Release|iPhoneSimulator.ActiveCfg = Release|Any CPU
		{FADEE496-078F-40C3-B15C-602C05AC2EA9}.Release|iPhoneSimulator.Build.0 = Release|Any CPU
		{FADEE496-078F-40C3-B15C-602C05AC2EA9}.Release|iPhoneSimulator.Deploy.0 = Release|Any CPU
		{FADEE496-078F-40C3-B15C-602C05AC2EA9}.Release|x64.ActiveCfg = Release|Any CPU
		{FADEE496-078F-40C3-B15C-602C05AC2EA9}.Release|x64.Build.0 = Release|Any CPU
		{FADEE496-078F-40C3-B15C-602C05AC2EA9}.Release|x64.Deploy.0 = Release|Any CPU
		{FADEE496-078F-40C3-B15C-602C05AC2EA9}.Release|x86.ActiveCfg = Release|Any CPU
		{FADEE496-078F-40C3-B15C-602C05AC2EA9}.Release|x86.Build.0 = Release|Any CPU
		{FADEE496-078F-40C3-B15C-602C05AC2EA9}.Release|x86.Deploy.0 = Release|Any CPU
	EndGlobalSection
	GlobalSection(SolutionProperties) = preSolution
		HideSolutionNode = FALSE
	EndGlobalSection
	GlobalSection(ExtensibilityGlobals) = postSolution
		SolutionGuid = {5B87EBDB-17BE-4861-95DC-B29D29373ED0}
	EndGlobalSection
EndGlobal
