
Microsoft Visual Studio Solution File, Format Version 12.00
# Visual Studio 2012
Project("{FAE04EC0-301F-11D3-BF4B-00C04F79EFBC}") = "WearAppSample", "WearAppSample\WearAppSample.csproj", "{FBDDD78D-F6BD-49B3-9D35-E39B18DEF58C}"
EndProject
Project("{FAE04EC0-301F-11D3-BF4B-00C04F79EFBC}") = "PhoneAppSample", "PhoneAppSample\PhoneAppSample.csproj", "{46401E25-24B5-4B84-B34A-56501F950F26}"
EndProject
Global
	GlobalSection(SolutionConfigurationPlatforms) = preSolution
		Debug|Any CPU = Debug|Any CPU
		Release|Any CPU = Release|Any CPU
	EndGlobalSection
	GlobalSection(ProjectConfigurationPlatforms) = postSolution
		{FBDDD78D-F6BD-49B3-9D35-E39B18DEF58C}.Debug|Any CPU.ActiveCfg = Debug|Any CPU
		{FBDDD78D-F6BD-49B3-9D35-E39B18DEF58C}.Debug|Any CPU.Build.0 = Debug|Any CPU
		{FBDDD78D-F6BD-49B3-9D35-E39B18DEF58C}.Release|Any CPU.ActiveCfg = Release|Any CPU
		{FBDDD78D-F6BD-49B3-9D35-E39B18DEF58C}.Release|Any CPU.Build.0 = Release|Any CPU
		{46401E25-24B5-4B84-B34A-56501F950F26}.Debug|Any CPU.ActiveCfg = Debug|Any CPU
		{46401E25-24B5-4B84-B34A-56501F950F26}.Debug|Any CPU.Build.0 = Debug|Any CPU
		{46401E25-24B5-4B84-B34A-56501F950F26}.Release|Any CPU.ActiveCfg = Release|Any CPU
		{46401E25-24B5-4B84-B34A-56501F950F26}.Release|Any CPU.Build.0 = Release|Any CPU
	EndGlobalSection
EndGlobal
